
Microsoft Visual Studio Solution File, Format Version 12.00
# Visual Studio Version 17
VisualStudioVersion = 17.7.34031.279
MinimumVisualStudioVersion = 10.0.40219.1
Project("{FAE04EC0-301F-11D3-BF4B-00C04F79EFBC}") = "Reverse", "Reverse\Reverse.csproj", "{9E94FD76-92B0-4914-A99C-5480CAB08E51}"
EndProject
Global
	GlobalSection(SolutionConfigurationPlatforms) = preSolution
		Debug|Any CPU = Debug|Any CPU
		Release|Any CPU = Release|Any CPU
	EndGlobalSection
	GlobalSection(ProjectConfigurationPlatforms) = postSolution
		{9E94FD76-92B0-4914-A99C-5480CAB08E51}.Debug|Any CPU.ActiveCfg = Debug|Any CPU
		{9E94FD76-92B0-4914-A99C-5480CAB08E51}.Debug|Any CPU.Build.0 = Debug|Any CPU
		{9E94FD76-92B0-4914-A99C-5480CAB08E51}.Release|Any CPU.ActiveCfg = Release|Any CPU
		{9E94FD76-92B0-4914-A99C-5480CAB08E51}.Release|Any CPU.Build.0 = Release|Any CPU
	EndGlobalSection
	GlobalSection(SolutionProperties) = preSolution
		HideSolutionNode = FALSE
	EndGlobalSection
	GlobalSection(ExtensibilityGlobals) = postSolution
		SolutionGuid = {AFF72CEC-BF75-42CC-A16D-CD0D374B87E8}
	EndGlobalSection
EndGlobal
